// !$*UTF8*$!
{
	archiveVersion = 1;
	classes = {
	};
	objectVersion = 48;
	objects = {

/* Begin PBXBuildFile section */
		82059D8120609CEB0082288D /* CustomMealCell.swift in Sources */ = {isa = PBXBuildFile; fileRef = 82059D8020609CEB0082288D /* CustomMealCell.swift */; };
		82059D8320609DE60082288D /* mealXib.xib in Resources */ = {isa = PBXBuildFile; fileRef = 82059D8220609DE60082288D /* mealXib.xib */; };
		821B1A7C209809DC00E767A1 /* ReplaceMealController.swift in Sources */ = {isa = PBXBuildFile; fileRef = 821B1A7B209809DC00E767A1 /* ReplaceMealController.swift */; };
		82205517206C120900BE3A87 /* MealDetailViewController.swift in Sources */ = {isa = PBXBuildFile; fileRef = 82205516206C120900BE3A87 /* MealDetailViewController.swift */; };
		823DC89D206C8C9800A8C77E /* SettingsViewController.swift in Sources */ = {isa = PBXBuildFile; fileRef = 823DC89C206C8C9800A8C77E /* SettingsViewController.swift */; };
		82521B7E2069EF7000B2E36B /* AllMealsViewController.swift in Sources */ = {isa = PBXBuildFile; fileRef = 82521B7D2069EF7000B2E36B /* AllMealsViewController.swift */; };
		827D32C020BE4FE900089C81 /* GoogleService-Info.plist in Resources */ = {isa = PBXBuildFile; fileRef = 827D32BF20BE4FE900089C81 /* GoogleService-Info.plist */; };
		82883CBA20412B3300F37F04 /* AppDelegate.swift in Sources */ = {isa = PBXBuildFile; fileRef = 82883CB920412B3300F37F04 /* AppDelegate.swift */; };
		82883CBC20412B3300F37F04 /* WeekViewController.swift in Sources */ = {isa = PBXBuildFile; fileRef = 82883CBB20412B3300F37F04 /* WeekViewController.swift */; };
		82883CBF20412B3300F37F04 /* Main.storyboard in Resources */ = {isa = PBXBuildFile; fileRef = 82883CBD20412B3300F37F04 /* Main.storyboard */; };
		82883CC120412B3300F37F04 /* Assets.xcassets in Resources */ = {isa = PBXBuildFile; fileRef = 82883CC020412B3300F37F04 /* Assets.xcassets */; };
		82883CC420412B3300F37F04 /* LaunchScreen.storyboard in Resources */ = {isa = PBXBuildFile; fileRef = 82883CC220412B3300F37F04 /* LaunchScreen.storyboard */; };
		82926AFC204F8EC300CB52AE /* DataModel.xcdatamodeld in Sources */ = {isa = PBXBuildFile; fileRef = 82926AFA204F8EC300CB52AE /* DataModel.xcdatamodeld */; };
		82F2182F2058CF97008D1A20 /* Default-568h@2x.png in Resources */ = {isa = PBXBuildFile; fileRef = 82F2182E2058CF97008D1A20 /* Default-568h@2x.png */; };
		B119B68648AE1ED30C715738 /* libPods-Meal Planner.a in Frameworks */ = {isa = PBXBuildFile; fileRef = F2D054481AA583C1E4BDEEA7 /* libPods-Meal Planner.a */; };
/* End PBXBuildFile section */

/* Begin PBXFileReference section */
		51BA471E0F6006498D7E7AFD /* Pods-Meal Planner.debug.xcconfig */ = {isa = PBXFileReference; includeInIndex = 1; lastKnownFileType = text.xcconfig; name = "Pods-Meal Planner.debug.xcconfig"; path = "Pods/Target Support Files/Pods-Meal Planner/Pods-Meal Planner.debug.xcconfig"; sourceTree = "<group>"; };
		82059D8020609CEB0082288D /* CustomMealCell.swift */ = {isa = PBXFileReference; lastKnownFileType = sourcecode.swift; path = CustomMealCell.swift; sourceTree = "<group>"; };
		82059D8220609DE60082288D /* mealXib.xib */ = {isa = PBXFileReference; lastKnownFileType = file.xib; path = mealXib.xib; sourceTree = "<group>"; };
		821B1A7B209809DC00E767A1 /* ReplaceMealController.swift */ = {isa = PBXFileReference; lastKnownFileType = sourcecode.swift; path = ReplaceMealController.swift; sourceTree = "<group>"; };
		82205516206C120900BE3A87 /* MealDetailViewController.swift */ = {isa = PBXFileReference; lastKnownFileType = sourcecode.swift; path = MealDetailViewController.swift; sourceTree = "<group>"; };
		8237EF9E20BDB24400EE940B /* BridgingHeader.h */ = {isa = PBXFileReference; lastKnownFileType = sourcecode.c.h; path = BridgingHeader.h; sourceTree = "<group>"; };
		823DC89C206C8C9800A8C77E /* SettingsViewController.swift */ = {isa = PBXFileReference; lastKnownFileType = sourcecode.swift; path = SettingsViewController.swift; sourceTree = "<group>"; };
		82521B7D2069EF7000B2E36B /* AllMealsViewController.swift */ = {isa = PBXFileReference; lastKnownFileType = sourcecode.swift; path = AllMealsViewController.swift; sourceTree = "<group>"; };
		827D32BF20BE4FE900089C81 /* GoogleService-Info.plist */ = {isa = PBXFileReference; fileEncoding = 4; lastKnownFileType = text.plist.xml; path = "GoogleService-Info.plist"; sourceTree = "<group>"; };
		82883CB620412B3300F37F04 /* Meal Planner.app */ = {isa = PBXFileReference; explicitFileType = wrapper.application; includeInIndex = 0; path = "Meal Planner.app"; sourceTree = BUILT_PRODUCTS_DIR; };
		82883CB920412B3300F37F04 /* AppDelegate.swift */ = {isa = PBXFileReference; lastKnownFileType = sourcecode.swift; path = AppDelegate.swift; sourceTree = "<group>"; };
		82883CBB20412B3300F37F04 /* WeekViewController.swift */ = {isa = PBXFileReference; lastKnownFileType = sourcecode.swift; path = WeekViewController.swift; sourceTree = "<group>"; };
		82883CBE20412B3300F37F04 /* Base */ = {isa = PBXFileReference; lastKnownFileType = file.storyboard; name = Base; path = Base.lproj/Main.storyboard; sourceTree = "<group>"; };
		82883CC020412B3300F37F04 /* Assets.xcassets */ = {isa = PBXFileReference; lastKnownFileType = folder.assetcatalog; path = Assets.xcassets; sourceTree = "<group>"; };
		82883CC320412B3300F37F04 /* Base */ = {isa = PBXFileReference; lastKnownFileType = file.storyboard; name = Base; path = Base.lproj/LaunchScreen.storyboard; sourceTree = "<group>"; };
		82883CC520412B3300F37F04 /* Info.plist */ = {isa = PBXFileReference; lastKnownFileType = text.plist.xml; path = Info.plist; sourceTree = "<group>"; };
		82926AFB204F8EC300CB52AE /* DataModel.xcdatamodel */ = {isa = PBXFileReference; lastKnownFileType = wrapper.xcdatamodel; path = DataModel.xcdatamodel; sourceTree = "<group>"; };
		82F2182E2058CF97008D1A20 /* Default-568h@2x.png */ = {isa = PBXFileReference; lastKnownFileType = image.png; path = "Default-568h@2x.png"; sourceTree = "<group>"; };
		8D6E378B4E4B15A759F1E004 /* Pods-Meal Planner.release.xcconfig */ = {isa = PBXFileReference; includeInIndex = 1; lastKnownFileType = text.xcconfig; name = "Pods-Meal Planner.release.xcconfig"; path = "Pods/Target Support Files/Pods-Meal Planner/Pods-Meal Planner.release.xcconfig"; sourceTree = "<group>"; };
		F2D054481AA583C1E4BDEEA7 /* libPods-Meal Planner.a */ = {isa = PBXFileReference; explicitFileType = archive.ar; includeInIndex = 0; path = "libPods-Meal Planner.a"; sourceTree = BUILT_PRODUCTS_DIR; };
/* End PBXFileReference section */

/* Begin PBXFrameworksBuildPhase section */
		82883CB320412B3300F37F04 /* Frameworks */ = {
			isa = PBXFrameworksBuildPhase;
			buildActionMask = 2147483647;
			files = (
				B119B68648AE1ED30C715738 /* libPods-Meal Planner.a in Frameworks */,
			);
			runOnlyForDeploymentPostprocessing = 0;
		};
/* End PBXFrameworksBuildPhase section */

/* Begin PBXGroup section */
		3B68F6359677480D59257510 /* Frameworks */ = {
			isa = PBXGroup;
			children = (
				F2D054481AA583C1E4BDEEA7 /* libPods-Meal Planner.a */,
			);
			name = Frameworks;
			sourceTree = "<group>";
		};
		82059D842060A13F0082288D /* Custom Cell */ = {
			isa = PBXGroup;
			children = (
				82059D8020609CEB0082288D /* CustomMealCell.swift */,
				82059D8220609DE60082288D /* mealXib.xib */,
			);
			path = "Custom Cell";
			sourceTree = "<group>";
		};
		82883CAD20412B3300F37F04 = {
			isa = PBXGroup;
			children = (
				82F2182E2058CF97008D1A20 /* Default-568h@2x.png */,
				82883CB820412B3300F37F04 /* Meal Planner */,
				82883CB720412B3300F37F04 /* Products */,
				C1DECDEDA8F4BFD14837452E /* Pods */,
				3B68F6359677480D59257510 /* Frameworks */,
			);
			sourceTree = "<group>";
		};
		82883CB720412B3300F37F04 /* Products */ = {
			isa = PBXGroup;
			children = (
				82883CB620412B3300F37F04 /* Meal Planner.app */,
			);
			name = Products;
			sourceTree = "<group>";
		};
		82883CB820412B3300F37F04 /* Meal Planner */ = {
			isa = PBXGroup;
			children = (
				82883CC520412B3300F37F04 /* Info.plist */,
				827D32BF20BE4FE900089C81 /* GoogleService-Info.plist */,
				82883CCE20412CDB00F37F04 /* Supporting files */,
				82883CCD20412CAE00F37F04 /* Controller */,
				82883CCC20412CA700F37F04 /* View */,
				82883CCB20412C9D00F37F04 /* Model */,
			);
			name = "Meal Planner";
			path = "Meal-Planner";
			sourceTree = "<group>";
		};
		82883CCB20412C9D00F37F04 /* Model */ = {
			isa = PBXGroup;
			children = (
				82926AFA204F8EC300CB52AE /* DataModel.xcdatamodeld */,
			);
			path = Model;
			sourceTree = "<group>";
		};
		82883CCC20412CA700F37F04 /* View */ = {
			isa = PBXGroup;
			children = (
				82883CBD20412B3300F37F04 /* Main.storyboard */,
				82883CC220412B3300F37F04 /* LaunchScreen.storyboard */,
				82059D842060A13F0082288D /* Custom Cell */,
			);
			path = View;
			sourceTree = "<group>";
		};
		82883CCD20412CAE00F37F04 /* Controller */ = {
			isa = PBXGroup;
			children = (
				82883CBB20412B3300F37F04 /* WeekViewController.swift */,
				821B1A7B209809DC00E767A1 /* ReplaceMealController.swift */,
				82521B7D2069EF7000B2E36B /* AllMealsViewController.swift */,
				823DC89C206C8C9800A8C77E /* SettingsViewController.swift */,
				82205516206C120900BE3A87 /* MealDetailViewController.swift */,
				82883CB920412B3300F37F04 /* AppDelegate.swift */,
				8237EF9E20BDB24400EE940B /* BridgingHeader.h */,
			);
			path = Controller;
			sourceTree = "<group>";
		};
		82883CCE20412CDB00F37F04 /* Supporting files */ = {
			isa = PBXGroup;
			children = (
				82883CC020412B3300F37F04 /* Assets.xcassets */,
			);
			path = "Supporting files";
			sourceTree = "<group>";
		};
		C1DECDEDA8F4BFD14837452E /* Pods */ = {
			isa = PBXGroup;
			children = (
				51BA471E0F6006498D7E7AFD /* Pods-Meal Planner.debug.xcconfig */,
				8D6E378B4E4B15A759F1E004 /* Pods-Meal Planner.release.xcconfig */,
			);
			name = Pods;
			sourceTree = "<group>";
		};
/* End PBXGroup section */

/* Begin PBXNativeTarget section */
		82883CB520412B3300F37F04 /* Meal Planner */ = {
			isa = PBXNativeTarget;
			buildConfigurationList = 82883CC820412B3300F37F04 /* Build configuration list for PBXNativeTarget "Meal Planner" */;
			buildPhases = (
				5395DCF9BFBB4879BDF8ED21 /* [CP] Check Pods Manifest.lock */,
				82883CB220412B3300F37F04 /* Sources */,
				82883CB320412B3300F37F04 /* Frameworks */,
				82883CB420412B3300F37F04 /* Resources */,
				DFDB3CAB604338403754A3C2 /* [CP] Embed Pods Frameworks */,
				CF1B8FDEDCDFF12A82B4F756 /* [CP] Copy Pods Resources */,
			);
			buildRules = (
			);
			dependencies = (
			);
			name = "Meal Planner";
			productName = "Meal Planner";
			productReference = 82883CB620412B3300F37F04 /* Meal Planner.app */;
			productType = "com.apple.product-type.application";
		};
/* End PBXNativeTarget section */

/* Begin PBXProject section */
		82883CAE20412B3300F37F04 /* Project object */ = {
			isa = PBXProject;
			attributes = {
				LastSwiftUpdateCheck = 0920;
				LastUpgradeCheck = 0930;
				ORGANIZATIONNAME = "Clayton, David";
				TargetAttributes = {
					82883CB520412B3300F37F04 = {
						CreatedOnToolsVersion = 9.2;
						ProvisioningStyle = Automatic;
					};
				};
			};
			buildConfigurationList = 82883CB120412B3300F37F04 /* Build configuration list for PBXProject "Meal-Planner" */;
			compatibilityVersion = "Xcode 8.0";
			developmentRegion = en;
			hasScannedForEncodings = 0;
			knownRegions = (
				en,
				Base,
			);
			mainGroup = 82883CAD20412B3300F37F04;
			productRefGroup = 82883CB720412B3300F37F04 /* Products */;
			projectDirPath = "";
			projectRoot = "";
			targets = (
				82883CB520412B3300F37F04 /* Meal Planner */,
			);
		};
/* End PBXProject section */

/* Begin PBXResourcesBuildPhase section */
		82883CB420412B3300F37F04 /* Resources */ = {
			isa = PBXResourcesBuildPhase;
			buildActionMask = 2147483647;
			files = (
				82883CC420412B3300F37F04 /* LaunchScreen.storyboard in Resources */,
				82F2182F2058CF97008D1A20 /* Default-568h@2x.png in Resources */,
				82059D8320609DE60082288D /* mealXib.xib in Resources */,
				82883CC120412B3300F37F04 /* Assets.xcassets in Resources */,
				82883CBF20412B3300F37F04 /* Main.storyboard in Resources */,
				827D32C020BE4FE900089C81 /* GoogleService-Info.plist in Resources */,
			);
			runOnlyForDeploymentPostprocessing = 0;
		};
/* End PBXResourcesBuildPhase section */

/* Begin PBXShellScriptBuildPhase section */
		5395DCF9BFBB4879BDF8ED21 /* [CP] Check Pods Manifest.lock */ = {
			isa = PBXShellScriptBuildPhase;
			buildActionMask = 2147483647;
			files = (
			);
			inputPaths = (
				"${PODS_PODFILE_DIR_PATH}/Podfile.lock",
				"${PODS_ROOT}/Manifest.lock",
			);
			name = "[CP] Check Pods Manifest.lock";
			outputPaths = (
				"$(DERIVED_FILE_DIR)/Pods-Meal Planner-checkManifestLockResult.txt",
			);
			runOnlyForDeploymentPostprocessing = 0;
			shellPath = /bin/sh;
			shellScript = "diff \"${PODS_PODFILE_DIR_PATH}/Podfile.lock\" \"${PODS_ROOT}/Manifest.lock\" > /dev/null\nif [ $? != 0 ] ; then\n    # print error to STDERR\n    echo \"error: The sandbox is not in sync with the Podfile.lock. Run 'pod install' or update your CocoaPods installation.\" >&2\n    exit 1\nfi\n# This output is used by Xcode 'outputs' to avoid re-running this script phase.\necho \"SUCCESS\" > \"${SCRIPT_OUTPUT_FILE_0}\"\n";
			showEnvVarsInLog = 0;
		};
		CF1B8FDEDCDFF12A82B4F756 /* [CP] Copy Pods Resources */ = {
			isa = PBXShellScriptBuildPhase;
			buildActionMask = 2147483647;
			files = (
			);
			inputPaths = (
			);
			name = "[CP] Copy Pods Resources";
			outputPaths = (
			);
			runOnlyForDeploymentPostprocessing = 0;
			shellPath = /bin/sh;
			shellScript = "\"${SRCROOT}/Pods/Target Support Files/Pods-Meal Planner/Pods-Meal Planner-resources.sh\"\n";
			showEnvVarsInLog = 0;
		};
		DFDB3CAB604338403754A3C2 /* [CP] Embed Pods Frameworks */ = {
			isa = PBXShellScriptBuildPhase;
			buildActionMask = 2147483647;
			files = (
			);
			inputPaths = (
			);
			name = "[CP] Embed Pods Frameworks";
			outputPaths = (
			);
			runOnlyForDeploymentPostprocessing = 0;
			shellPath = /bin/sh;
			shellScript = "\"${SRCROOT}/Pods/Target Support Files/Pods-Meal Planner/Pods-Meal Planner-frameworks.sh\"\n";
			showEnvVarsInLog = 0;
		};
/* End PBXShellScriptBuildPhase section */

/* Begin PBXSourcesBuildPhase section */
		82883CB220412B3300F37F04 /* Sources */ = {
			isa = PBXSourcesBuildPhase;
			buildActionMask = 2147483647;
			files = (
				82926AFC204F8EC300CB52AE /* DataModel.xcdatamodeld in Sources */,
				82883CBC20412B3300F37F04 /* WeekViewController.swift in Sources */,
				823DC89D206C8C9800A8C77E /* SettingsViewController.swift in Sources */,
				82205517206C120900BE3A87 /* MealDetailViewController.swift in Sources */,
				82059D8120609CEB0082288D /* CustomMealCell.swift in Sources */,
				821B1A7C209809DC00E767A1 /* ReplaceMealController.swift in Sources */,
				82883CBA20412B3300F37F04 /* AppDelegate.swift in Sources */,
				82521B7E2069EF7000B2E36B /* AllMealsViewController.swift in Sources */,
			);
			runOnlyForDeploymentPostprocessing = 0;
		};
/* End PBXSourcesBuildPhase section */

/* Begin PBXVariantGroup section */
		82883CBD20412B3300F37F04 /* Main.storyboard */ = {
			isa = PBXVariantGroup;
			children = (
				82883CBE20412B3300F37F04 /* Base */,
			);
			name = Main.storyboard;
			sourceTree = "<group>";
		};
		82883CC220412B3300F37F04 /* LaunchScreen.storyboard */ = {
			isa = PBXVariantGroup;
			children = (
				82883CC320412B3300F37F04 /* Base */,
			);
			name = LaunchScreen.storyboard;
			sourceTree = "<group>";
		};
/* End PBXVariantGroup section */

/* Begin XCBuildConfiguration section */
		82883CC620412B3300F37F04 /* Debug */ = {
			isa = XCBuildConfiguration;
			buildSettings = {
				ALWAYS_SEARCH_USER_PATHS = NO;
				CLANG_ANALYZER_NONNULL = YES;
				CLANG_ANALYZER_NUMBER_OBJECT_CONVERSION = YES_AGGRESSIVE;
				CLANG_CXX_LANGUAGE_STANDARD = "gnu++14";
				CLANG_CXX_LIBRARY = "libc++";
				CLANG_ENABLE_MODULES = YES;
				CLANG_ENABLE_OBJC_ARC = YES;
				CLANG_WARN_BLOCK_CAPTURE_AUTORELEASING = YES;
				CLANG_WARN_BOOL_CONVERSION = YES;
				CLANG_WARN_COMMA = YES;
				CLANG_WARN_CONSTANT_CONVERSION = YES;
				CLANG_WARN_DEPRECATED_OBJC_IMPLEMENTATIONS = YES;
				CLANG_WARN_DIRECT_OBJC_ISA_USAGE = YES_ERROR;
				CLANG_WARN_DOCUMENTATION_COMMENTS = YES;
				CLANG_WARN_EMPTY_BODY = YES;
				CLANG_WARN_ENUM_CONVERSION = YES;
				CLANG_WARN_INFINITE_RECURSION = YES;
				CLANG_WARN_INT_CONVERSION = YES;
				CLANG_WARN_NON_LITERAL_NULL_CONVERSION = YES;
				CLANG_WARN_OBJC_IMPLICIT_RETAIN_SELF = YES;
				CLANG_WARN_OBJC_LITERAL_CONVERSION = YES;
				CLANG_WARN_OBJC_ROOT_CLASS = YES_ERROR;
				CLANG_WARN_RANGE_LOOP_ANALYSIS = YES;
				CLANG_WARN_STRICT_PROTOTYPES = YES;
				CLANG_WARN_SUSPICIOUS_MOVE = YES;
				CLANG_WARN_UNGUARDED_AVAILABILITY = YES_AGGRESSIVE;
				CLANG_WARN_UNREACHABLE_CODE = YES;
				CLANG_WARN__DUPLICATE_METHOD_MATCH = YES;
				CODE_SIGN_IDENTITY = "iPhone Developer";
				COPY_PHASE_STRIP = NO;
				DEBUG_INFORMATION_FORMAT = dwarf;
				ENABLE_STRICT_OBJC_MSGSEND = YES;
				ENABLE_TESTABILITY = YES;
				GCC_C_LANGUAGE_STANDARD = gnu11;
				GCC_DYNAMIC_NO_PIC = NO;
				GCC_NO_COMMON_BLOCKS = YES;
				GCC_OPTIMIZATION_LEVEL = 0;
				GCC_PREPROCESSOR_DEFINITIONS = (
					"DEBUG=1",
					"$(inherited)",
				);
				GCC_WARN_64_TO_32_BIT_CONVERSION = YES;
				GCC_WARN_ABOUT_RETURN_TYPE = YES_ERROR;
				GCC_WARN_UNDECLARED_SELECTOR = YES;
				GCC_WARN_UNINITIALIZED_AUTOS = YES_AGGRESSIVE;
				GCC_WARN_UNUSED_FUNCTION = YES;
				GCC_WARN_UNUSED_VARIABLE = YES;
				IPHONEOS_DEPLOYMENT_TARGET = 11.2;
				MTL_ENABLE_DEBUG_INFO = YES;
				ONLY_ACTIVE_ARCH = YES;
				SDKROOT = iphoneos;
				SWIFT_ACTIVE_COMPILATION_CONDITIONS = DEBUG;
				SWIFT_OPTIMIZATION_LEVEL = "-Onone";
			};
			name = Debug;
		};
		82883CC720412B3300F37F04 /* Release */ = {
			isa = XCBuildConfiguration;
			buildSettings = {
				ALWAYS_SEARCH_USER_PATHS = NO;
				CLANG_ANALYZER_NONNULL = YES;
				CLANG_ANALYZER_NUMBER_OBJECT_CONVERSION = YES_AGGRESSIVE;
				CLANG_CXX_LANGUAGE_STANDARD = "gnu++14";
				CLANG_CXX_LIBRARY = "libc++";
				CLANG_ENABLE_MODULES = YES;
				CLANG_ENABLE_OBJC_ARC = YES;
				CLANG_WARN_BLOCK_CAPTURE_AUTORELEASING = YES;
				CLANG_WARN_BOOL_CONVERSION = YES;
				CLANG_WARN_COMMA = YES;
				CLANG_WARN_CONSTANT_CONVERSION = YES;
				CLANG_WARN_DEPRECATED_OBJC_IMPLEMENTATIONS = YES;
				CLANG_WARN_DIRECT_OBJC_ISA_USAGE = YES_ERROR;
				CLANG_WARN_DOCUMENTATION_COMMENTS = YES;
				CLANG_WARN_EMPTY_BODY = YES;
				CLANG_WARN_ENUM_CONVERSION = YES;
				CLANG_WARN_INFINITE_RECURSION = YES;
				CLANG_WARN_INT_CONVERSION = YES;
				CLANG_WARN_NON_LITERAL_NULL_CONVERSION = YES;
				CLANG_WARN_OBJC_IMPLICIT_RETAIN_SELF = YES;
				CLANG_WARN_OBJC_LITERAL_CONVERSION = YES;
				CLANG_WARN_OBJC_ROOT_CLASS = YES_ERROR;
				CLANG_WARN_RANGE_LOOP_ANALYSIS = YES;
				CLANG_WARN_STRICT_PROTOTYPES = YES;
				CLANG_WARN_SUSPICIOUS_MOVE = YES;
				CLANG_WARN_UNGUARDED_AVAILABILITY = YES_AGGRESSIVE;
				CLANG_WARN_UNREACHABLE_CODE = YES;
				CLANG_WARN__DUPLICATE_METHOD_MATCH = YES;
				CODE_SIGN_IDENTITY = "iPhone Developer";
				COPY_PHASE_STRIP = NO;
				DEBUG_INFORMATION_FORMAT = "dwarf-with-dsym";
				ENABLE_NS_ASSERTIONS = NO;
				ENABLE_STRICT_OBJC_MSGSEND = YES;
				GCC_C_LANGUAGE_STANDARD = gnu11;
				GCC_NO_COMMON_BLOCKS = YES;
				GCC_WARN_64_TO_32_BIT_CONVERSION = YES;
				GCC_WARN_ABOUT_RETURN_TYPE = YES_ERROR;
				GCC_WARN_UNDECLARED_SELECTOR = YES;
				GCC_WARN_UNINITIALIZED_AUTOS = YES_AGGRESSIVE;
				GCC_WARN_UNUSED_FUNCTION = YES;
				GCC_WARN_UNUSED_VARIABLE = YES;
				IPHONEOS_DEPLOYMENT_TARGET = 11.2;
				MTL_ENABLE_DEBUG_INFO = NO;
				SDKROOT = iphoneos;
				SWIFT_OPTIMIZATION_LEVEL = "-Owholemodule";
				VALIDATE_PRODUCT = YES;
			};
			name = Release;
		};
		82883CC920412B3300F37F04 /* Debug */ = {
			isa = XCBuildConfiguration;
			baseConfigurationReference = 51BA471E0F6006498D7E7AFD /* Pods-Meal Planner.debug.xcconfig */;
			buildSettings = {
				ASSETCATALOG_COMPILER_APPICON_NAME = AppIcon;
				CODE_SIGN_STYLE = Automatic;
				DEVELOPMENT_TEAM = 4S4665QGAY;
				INFOPLIST_FILE = "$(SRCROOT)/Meal-Planner/Info.plist";
				IPHONEOS_DEPLOYMENT_TARGET = 10.3;
				LD_RUNPATH_SEARCH_PATHS = "$(inherited) @executable_path/Frameworks";
				PRODUCT_BUNDLE_IDENTIFIER = "com.davidclayton.Meal-Planner";
				PRODUCT_NAME = "$(TARGET_NAME)";
				"SWIFT_OBJC_BRIDGING_HEADER[arch=*]" = "/Users/claytod/Dropbox (Shure Incorporated)/01-Employee/swift/udemy-course/Meal-Planner/Meal-Planner/Controller/BridgingHeader.h";
				SWIFT_VERSION = 4.0;
				TARGETED_DEVICE_FAMILY = 1;
			};
			name = Debug;
		};
		82883CCA20412B3300F37F04 /* Release */ = {
			isa = XCBuildConfiguration;
			baseConfigurationReference = 8D6E378B4E4B15A759F1E004 /* Pods-Meal Planner.release.xcconfig */;
			buildSettings = {
				ASSETCATALOG_COMPILER_APPICON_NAME = AppIcon;
				CODE_SIGN_STYLE = Automatic;
				DEVELOPMENT_TEAM = 4S4665QGAY;
				INFOPLIST_FILE = "$(SRCROOT)/Meal-Planner/Info.plist";
				IPHONEOS_DEPLOYMENT_TARGET = 10.3;
				LD_RUNPATH_SEARCH_PATHS = "$(inherited) @executable_path/Frameworks";
				PRODUCT_BUNDLE_IDENTIFIER = "com.davidclayton.Meal-Planner";
				PRODUCT_NAME = "$(TARGET_NAME)";
				"SWIFT_OBJC_BRIDGING_HEADER[arch=*]" = "/Users/claytod/Dropbox (Shure Incorporated)/01-Employee/swift/udemy-course/Meal-Planner/Meal-Planner/Controller/BridgingHeader.h";
				SWIFT_VERSION = 4.0;
				TARGETED_DEVICE_FAMILY = 1;
			};
			name = Release;
		};
/* End XCBuildConfiguration section */

/* Begin XCConfigurationList section */
		82883CB120412B3300F37F04 /* Build configuration list for PBXProject "Meal-Planner" */ = {
			isa = XCConfigurationList;
			buildConfigurations = (
				82883CC620412B3300F37F04 /* Debug */,
				82883CC720412B3300F37F04 /* Release */,
			);
			defaultConfigurationIsVisible = 0;
			defaultConfigurationName = Release;
		};
		82883CC820412B3300F37F04 /* Build configuration list for PBXNativeTarget "Meal Planner" */ = {
			isa = XCConfigurationList;
			buildConfigurations = (
				82883CC920412B3300F37F04 /* Debug */,
				82883CCA20412B3300F37F04 /* Release */,
			);
			defaultConfigurationIsVisible = 0;
			defaultConfigurationName = Release;
		};
/* End XCConfigurationList section */

/* Begin XCVersionGroup section */
		82926AFA204F8EC300CB52AE /* DataModel.xcdatamodeld */ = {
			isa = XCVersionGroup;
			children = (
				82926AFB204F8EC300CB52AE /* DataModel.xcdatamodel */,
			);
			currentVersion = 82926AFB204F8EC300CB52AE /* DataModel.xcdatamodel */;
			path = DataModel.xcdatamodeld;
			sourceTree = "<group>";
			versionGroupType = wrapper.xcdatamodel;
		};
/* End XCVersionGroup section */
	};
	rootObject = 82883CAE20412B3300F37F04 /* Project object */;
}
